// !$*UTF8*$!
{
	archiveVersion = 1;
	classes = {
	};
	objectVersion = 56;
	objects = {

/* Begin PBXBuildFile section */
		07D06EFA292CC09000C61286 /* AppDelegate.swift in Sources */ = {isa = PBXBuildFile; fileRef = 07D06EF9292CC09000C61286 /* AppDelegate.swift */; };
		07D06EFC292CC09000C61286 /* SceneDelegate.swift in Sources */ = {isa = PBXBuildFile; fileRef = 07D06EFB292CC09000C61286 /* SceneDelegate.swift */; };
		07D06F01292CC09000C61286 /* Main.storyboard in Resources */ = {isa = PBXBuildFile; fileRef = 07D06EFF292CC09000C61286 /* Main.storyboard */; };
		07D06F03292CC09100C61286 /* Assets.xcassets in Resources */ = {isa = PBXBuildFile; fileRef = 07D06F02292CC09100C61286 /* Assets.xcassets */; };
		07D06F06292CC09100C61286 /* LaunchScreen.storyboard in Resources */ = {isa = PBXBuildFile; fileRef = 07D06F04292CC09100C61286 /* LaunchScreen.storyboard */; };
		07D06F11292CC13C00C61286 /* Person.swift in Sources */ = {isa = PBXBuildFile; fileRef = 07D06F10292CC13C00C61286 /* Person.swift */; };
		07D06F14292CC1B200C61286 /* ContactListViewController.swift in Sources */ = {isa = PBXBuildFile; fileRef = 07D06F13292CC1B200C61286 /* ContactListViewController.swift */; };
		07D06F17292CC28A00C61286 /* DataStore.swift in Sources */ = {isa = PBXBuildFile; fileRef = 07D06F16292CC28A00C61286 /* DataStore.swift */; };
		07D06F1A292CF4FD00C61286 /* ContactViewController.swift in Sources */ = {isa = PBXBuildFile; fileRef = 07D06F19292CF4FD00C61286 /* ContactViewController.swift */; };
		07D06F1C292CFA0100C61286 /* TabBarController.swift in Sources */ = {isa = PBXBuildFile; fileRef = 07D06F1B292CFA0100C61286 /* TabBarController.swift */; };
		07D06F20292CFCA600C61286 /* DetailedContactsListViewController.swift in Sources */ = {isa = PBXBuildFile; fileRef = 07D06F1F292CFCA600C61286 /* DetailedContactsListViewController.swift */; };
/* End PBXBuildFile section */

/* Begin PBXFileReference section */
		07D06EF6292CC09000C61286 /* ContactList.app */ = {isa = PBXFileReference; explicitFileType = wrapper.application; includeInIndex = 0; path = ContactList.app; sourceTree = BUILT_PRODUCTS_DIR; };
		07D06EF9292CC09000C61286 /* AppDelegate.swift */ = {isa = PBXFileReference; lastKnownFileType = sourcecode.swift; path = AppDelegate.swift; sourceTree = "<group>"; };
		07D06EFB292CC09000C61286 /* SceneDelegate.swift */ = {isa = PBXFileReference; lastKnownFileType = sourcecode.swift; path = SceneDelegate.swift; sourceTree = "<group>"; };
		07D06F00292CC09000C61286 /* Base */ = {isa = PBXFileReference; lastKnownFileType = file.storyboard; name = Base; path = Base.lproj/Main.storyboard; sourceTree = "<group>"; };
		07D06F02292CC09100C61286 /* Assets.xcassets */ = {isa = PBXFileReference; lastKnownFileType = folder.assetcatalog; path = Assets.xcassets; sourceTree = "<group>"; };
		07D06F05292CC09100C61286 /* Base */ = {isa = PBXFileReference; lastKnownFileType = file.storyboard; name = Base; path = Base.lproj/LaunchScreen.storyboard; sourceTree = "<group>"; };
		07D06F07292CC09100C61286 /* Info.plist */ = {isa = PBXFileReference; lastKnownFileType = text.plist.xml; path = Info.plist; sourceTree = "<group>"; };
		07D06F10292CC13C00C61286 /* Person.swift */ = {isa = PBXFileReference; lastKnownFileType = sourcecode.swift; path = Person.swift; sourceTree = "<group>"; };
		07D06F13292CC1B200C61286 /* ContactListViewController.swift */ = {isa = PBXFileReference; lastKnownFileType = sourcecode.swift; path = ContactListViewController.swift; sourceTree = "<group>"; };
		07D06F16292CC28A00C61286 /* DataStore.swift */ = {isa = PBXFileReference; lastKnownFileType = sourcecode.swift; path = DataStore.swift; sourceTree = "<group>"; };
		07D06F19292CF4FD00C61286 /* ContactViewController.swift */ = {isa = PBXFileReference; lastKnownFileType = sourcecode.swift; path = ContactViewController.swift; sourceTree = "<group>"; };
		07D06F1B292CFA0100C61286 /* TabBarController.swift */ = {isa = PBXFileReference; lastKnownFileType = sourcecode.swift; path = TabBarController.swift; sourceTree = "<group>"; };
		07D06F1F292CFCA600C61286 /* DetailedContactsListViewController.swift */ = {isa = PBXFileReference; lastKnownFileType = sourcecode.swift; path = DetailedContactsListViewController.swift; sourceTree = "<group>"; };
/* End PBXFileReference section */

/* Begin PBXFrameworksBuildPhase section */
		07D06EF3292CC09000C61286 /* Frameworks */ = {
			isa = PBXFrameworksBuildPhase;
			buildActionMask = 2147483647;
			files = (
			);
			runOnlyForDeploymentPostprocessing = 0;
		};
/* End PBXFrameworksBuildPhase section */

/* Begin PBXGroup section */
		07D06EED292CC09000C61286 = {
			isa = PBXGroup;
			children = (
				07D06EF8292CC09000C61286 /* ContactList */,
				07D06EF7292CC09000C61286 /* Products */,
			);
			sourceTree = "<group>";
		};
		07D06EF7292CC09000C61286 /* Products */ = {
			isa = PBXGroup;
			children = (
				07D06EF6292CC09000C61286 /* ContactList.app */,
			);
			name = Products;
			sourceTree = "<group>";
		};
		07D06EF8292CC09000C61286 /* ContactList */ = {
			isa = PBXGroup;
			children = (
				07D06F0E292CC0D400C61286 /* App */,
				07D06F18292CC29B00C61286 /* Services */,
				07D06F12292CC14000C61286 /* Models */,
				07D06F15292CC1B600C61286 /* ViewControllers */,
				07D06F0D292CC0B000C61286 /* Storyboards */,
				07D06F0F292CC0EA00C61286 /* Resources */,
			);
			path = ContactList;
			sourceTree = "<group>";
		};
		07D06F0D292CC0B000C61286 /* Storyboards */ = {
			isa = PBXGroup;
			children = (
				07D06EFF292CC09000C61286 /* Main.storyboard */,
				07D06F04292CC09100C61286 /* LaunchScreen.storyboard */,
			);
			path = Storyboards;
			sourceTree = "<group>";
		};
		07D06F0E292CC0D400C61286 /* App */ = {
			isa = PBXGroup;
			children = (
				07D06EF9292CC09000C61286 /* AppDelegate.swift */,
				07D06EFB292CC09000C61286 /* SceneDelegate.swift */,
				07D06F07292CC09100C61286 /* Info.plist */,
			);
			path = App;
			sourceTree = "<group>";
		};
		07D06F0F292CC0EA00C61286 /* Resources */ = {
			isa = PBXGroup;
			children = (
				07D06F02292CC09100C61286 /* Assets.xcassets */,
			);
			path = Resources;
			sourceTree = "<group>";
		};
		07D06F12292CC14000C61286 /* Models */ = {
			isa = PBXGroup;
			children = (
				07D06F10292CC13C00C61286 /* Person.swift */,
			);
			path = Models;
			sourceTree = "<group>";
		};
		07D06F15292CC1B600C61286 /* ViewControllers */ = {
			isa = PBXGroup;
			children = (
				07D06F1B292CFA0100C61286 /* TabBarController.swift */,
				07D06F13292CC1B200C61286 /* ContactListViewController.swift */,
				07D06F19292CF4FD00C61286 /* ContactViewController.swift */,
				07D06F1F292CFCA600C61286 /* DetailedContactsListViewController.swift */,
			);
			path = ViewControllers;
			sourceTree = "<group>";
		};
		07D06F18292CC29B00C61286 /* Services */ = {
			isa = PBXGroup;
			children = (
				07D06F16292CC28A00C61286 /* DataStore.swift */,
			);
			path = Services;
			sourceTree = "<group>";
		};
/* End PBXGroup section */

/* Begin PBXNativeTarget section */
		07D06EF5292CC09000C61286 /* ContactList */ = {
			isa = PBXNativeTarget;
			buildConfigurationList = 07D06F0A292CC09100C61286 /* Build configuration list for PBXNativeTarget "ContactList" */;
			buildPhases = (
				07D06EF2292CC09000C61286 /* Sources */,
				07D06EF3292CC09000C61286 /* Frameworks */,
				07D06EF4292CC09000C61286 /* Resources */,
			);
			buildRules = (
			);
			dependencies = (
			);
			name = ContactList;
			productName = ContactList;
			productReference = 07D06EF6292CC09000C61286 /* ContactList.app */;
			productType = "com.apple.product-type.application";
		};
/* End PBXNativeTarget section */

/* Begin PBXProject section */
		07D06EEE292CC09000C61286 /* Project object */ = {
			isa = PBXProject;
			attributes = {
				BuildIndependentTargetsInParallel = 1;
				LastSwiftUpdateCheck = 1400;
				LastUpgradeCheck = 1400;
				TargetAttributes = {
					07D06EF5292CC09000C61286 = {
						CreatedOnToolsVersion = 14.0.1;
					};
				};
			};
			buildConfigurationList = 07D06EF1292CC09000C61286 /* Build configuration list for PBXProject "ContactList" */;
			compatibilityVersion = "Xcode 14.0";
			developmentRegion = en;
			hasScannedForEncodings = 0;
			knownRegions = (
				en,
				Base,
			);
			mainGroup = 07D06EED292CC09000C61286;
			productRefGroup = 07D06EF7292CC09000C61286 /* Products */;
			projectDirPath = "";
			projectRoot = "";
			targets = (
				07D06EF5292CC09000C61286 /* ContactList */,
			);
		};
/* End PBXProject section */

/* Begin PBXResourcesBuildPhase section */
		07D06EF4292CC09000C61286 /* Resources */ = {
			isa = PBXResourcesBuildPhase;
			buildActionMask = 2147483647;
			files = (
				07D06F06292CC09100C61286 /* LaunchScreen.storyboard in Resources */,
				07D06F03292CC09100C61286 /* Assets.xcassets in Resources */,
				07D06F01292CC09000C61286 /* Main.storyboard in Resources */,
			);
			runOnlyForDeploymentPostprocessing = 0;
		};
/* End PBXResourcesBuildPhase section */

/* Begin PBXSourcesBuildPhase section */
		07D06EF2292CC09000C61286 /* Sources */ = {
			isa = PBXSourcesBuildPhase;
			buildActionMask = 2147483647;
			files = (
				07D06F11292CC13C00C61286 /* Person.swift in Sources */,
				07D06F20292CFCA600C61286 /* DetailedContactsListViewController.swift in Sources */,
				07D06F14292CC1B200C61286 /* ContactListViewController.swift in Sources */,
				07D06EFA292CC09000C61286 /* AppDelegate.swift in Sources */,
				07D06F17292CC28A00C61286 /* DataStore.swift in Sources */,
				07D06F1C292CFA0100C61286 /* TabBarController.swift in Sources */,
				07D06EFC292CC09000C61286 /* SceneDelegate.swift in Sources */,
				07D06F1A292CF4FD00C61286 /* ContactViewController.swift in Sources */,
			);
			runOnlyForDeploymentPostprocessing = 0;
		};
/* End PBXSourcesBuildPhase section */

/* Begin PBXVariantGroup section */
		07D06EFF292CC09000C61286 /* Main.storyboard */ = {
			isa = PBXVariantGroup;
			children = (
				07D06F00292CC09000C61286 /* Base */,
			);
			name = Main.storyboard;
			sourceTree = "<group>";
		};
		07D06F04292CC09100C61286 /* LaunchScreen.storyboard */ = {
			isa = PBXVariantGroup;
			children = (
				07D06F05292CC09100C61286 /* Base */,
			);
			name = LaunchScreen.storyboard;
			sourceTree = "<group>";
		};
/* End PBXVariantGroup section */

/* Begin XCBuildConfiguration section */
		07D06F08292CC09100C61286 /* Debug */ = {
			isa = XCBuildConfiguration;
			buildSettings = {
				ALWAYS_SEARCH_USER_PATHS = NO;
				CLANG_ANALYZER_NONNULL = YES;
				CLANG_ANALYZER_NUMBER_OBJECT_CONVERSION = YES_AGGRESSIVE;
				CLANG_CXX_LANGUAGE_STANDARD = "gnu++20";
				CLANG_ENABLE_MODULES = YES;
				CLANG_ENABLE_OBJC_ARC = YES;
				CLANG_ENABLE_OBJC_WEAK = YES;
				CLANG_WARN_BLOCK_CAPTURE_AUTORELEASING = YES;
				CLANG_WARN_BOOL_CONVERSION = YES;
				CLANG_WARN_COMMA = YES;
				CLANG_WARN_CONSTANT_CONVERSION = YES;
				CLANG_WARN_DEPRECATED_OBJC_IMPLEMENTATIONS = YES;
				CLANG_WARN_DIRECT_OBJC_ISA_USAGE = YES_ERROR;
				CLANG_WARN_DOCUMENTATION_COMMENTS = YES;
				CLANG_WARN_EMPTY_BODY = YES;
				CLANG_WARN_ENUM_CONVERSION = YES;
				CLANG_WARN_INFINITE_RECURSION = YES;
				CLANG_WARN_INT_CONVERSION = YES;
				CLANG_WARN_NON_LITERAL_NULL_CONVERSION = YES;
				CLANG_WARN_OBJC_IMPLICIT_RETAIN_SELF = YES;
				CLANG_WARN_OBJC_LITERAL_CONVERSION = YES;
				CLANG_WARN_OBJC_ROOT_CLASS = YES_ERROR;
				CLANG_WARN_QUOTED_INCLUDE_IN_FRAMEWORK_HEADER = YES;
				CLANG_WARN_RANGE_LOOP_ANALYSIS = YES;
				CLANG_WARN_STRICT_PROTOTYPES = YES;
				CLANG_WARN_SUSPICIOUS_MOVE = YES;
				CLANG_WARN_UNGUARDED_AVAILABILITY = YES_AGGRESSIVE;
				CLANG_WARN_UNREACHABLE_CODE = YES;
				CLANG_WARN__DUPLICATE_METHOD_MATCH = YES;
				COPY_PHASE_STRIP = NO;
				DEBUG_INFORMATION_FORMAT = dwarf;
				ENABLE_STRICT_OBJC_MSGSEND = YES;
				ENABLE_TESTABILITY = YES;
				GCC_C_LANGUAGE_STANDARD = gnu11;
				GCC_DYNAMIC_NO_PIC = NO;
				GCC_NO_COMMON_BLOCKS = YES;
				GCC_OPTIMIZATION_LEVEL = 0;
				GCC_PREPROCESSOR_DEFINITIONS = (
					"DEBUG=1",
					"$(inherited)",
				);
				GCC_WARN_64_TO_32_BIT_CONVERSION = YES;
				GCC_WARN_ABOUT_RETURN_TYPE = YES_ERROR;
				GCC_WARN_UNDECLARED_SELECTOR = YES;
				GCC_WARN_UNINITIALIZED_AUTOS = YES_AGGRESSIVE;
				GCC_WARN_UNUSED_FUNCTION = YES;
				GCC_WARN_UNUSED_VARIABLE = YES;
				IPHONEOS_DEPLOYMENT_TARGET = 16.0;
				MTL_ENABLE_DEBUG_INFO = INCLUDE_SOURCE;
				MTL_FAST_MATH = YES;
				ONLY_ACTIVE_ARCH = YES;
				SDKROOT = iphoneos;
				SWIFT_ACTIVE_COMPILATION_CONDITIONS = DEBUG;
				SWIFT_OPTIMIZATION_LEVEL = "-Onone";
			};
			name = Debug;
		};
		07D06F09292CC09100C61286 /* Release */ = {
			isa = XCBuildConfiguration;
			buildSettings = {
				ALWAYS_SEARCH_USER_PATHS = NO;
				CLANG_ANALYZER_NONNULL = YES;
				CLANG_ANALYZER_NUMBER_OBJECT_CONVERSION = YES_AGGRESSIVE;
				CLANG_CXX_LANGUAGE_STANDARD = "gnu++20";
				CLANG_ENABLE_MODULES = YES;
				CLANG_ENABLE_OBJC_ARC = YES;
				CLANG_ENABLE_OBJC_WEAK = YES;
				CLANG_WARN_BLOCK_CAPTURE_AUTORELEASING = YES;
				CLANG_WARN_BOOL_CONVERSION = YES;
				CLANG_WARN_COMMA = YES;
				CLANG_WARN_CONSTANT_CONVERSION = YES;
				CLANG_WARN_DEPRECATED_OBJC_IMPLEMENTATIONS = YES;
				CLANG_WARN_DIRECT_OBJC_ISA_USAGE = YES_ERROR;
				CLANG_WARN_DOCUMENTATION_COMMENTS = YES;
				CLANG_WARN_EMPTY_BODY = YES;
				CLANG_WARN_ENUM_CONVERSION = YES;
				CLANG_WARN_INFINITE_RECURSION = YES;
				CLANG_WARN_INT_CONVERSION = YES;
				CLANG_WARN_NON_LITERAL_NULL_CONVERSION = YES;
				CLANG_WARN_OBJC_IMPLICIT_RETAIN_SELF = YES;
				CLANG_WARN_OBJC_LITERAL_CONVERSION = YES;
				CLANG_WARN_OBJC_ROOT_CLASS = YES_ERROR;
				CLANG_WARN_QUOTED_INCLUDE_IN_FRAMEWORK_HEADER = YES;
				CLANG_WARN_RANGE_LOOP_ANALYSIS = YES;
				CLANG_WARN_STRICT_PROTOTYPES = YES;
				CLANG_WARN_SUSPICIOUS_MOVE = YES;
				CLANG_WARN_UNGUARDED_AVAILABILITY = YES_AGGRESSIVE;
				CLANG_WARN_UNREACHABLE_CODE = YES;
				CLANG_WARN__DUPLICATE_METHOD_MATCH = YES;
				COPY_PHASE_STRIP = NO;
				DEBUG_INFORMATION_FORMAT = "dwarf-with-dsym";
				ENABLE_NS_ASSERTIONS = NO;
				ENABLE_STRICT_OBJC_MSGSEND = YES;
				GCC_C_LANGUAGE_STANDARD = gnu11;
				GCC_NO_COMMON_BLOCKS = YES;
				GCC_WARN_64_TO_32_BIT_CONVERSION = YES;
				GCC_WARN_ABOUT_RETURN_TYPE = YES_ERROR;
				GCC_WARN_UNDECLARED_SELECTOR = YES;
				GCC_WARN_UNINITIALIZED_AUTOS = YES_AGGRESSIVE;
				GCC_WARN_UNUSED_FUNCTION = YES;
				GCC_WARN_UNUSED_VARIABLE = YES;
				IPHONEOS_DEPLOYMENT_TARGET = 16.0;
				MTL_ENABLE_DEBUG_INFO = NO;
				MTL_FAST_MATH = YES;
				SDKROOT = iphoneos;
				SWIFT_COMPILATION_MODE = wholemodule;
				SWIFT_OPTIMIZATION_LEVEL = "-O";
				VALIDATE_PRODUCT = YES;
			};
			name = Release;
		};
		07D06F0B292CC09100C61286 /* Debug */ = {
			isa = XCBuildConfiguration;
			buildSettings = {
				ASSETCATALOG_COMPILER_APPICON_NAME = AppIcon;
				ASSETCATALOG_COMPILER_GLOBAL_ACCENT_COLOR_NAME = AccentColor;
				CODE_SIGN_STYLE = Automatic;
				CURRENT_PROJECT_VERSION = 1;
				GENERATE_INFOPLIST_FILE = YES;
				INFOPLIST_FILE = ContactList/App/Info.plist;
				INFOPLIST_KEY_UIApplicationSupportsIndirectInputEvents = YES;
				INFOPLIST_KEY_UILaunchStoryboardName = LaunchScreen;
				INFOPLIST_KEY_UIMainStoryboardFile = Main;
				INFOPLIST_KEY_UISupportedInterfaceOrientations_iPad = "UIInterfaceOrientationPortrait UIInterfaceOrientationPortraitUpsideDown UIInterfaceOrientationLandscapeLeft UIInterfaceOrientationLandscapeRight";
				INFOPLIST_KEY_UISupportedInterfaceOrientations_iPhone = "UIInterfaceOrientationPortrait UIInterfaceOrientationLandscapeLeft UIInterfaceOrientationLandscapeRight";
				LD_RUNPATH_SEARCH_PATHS = (
					"$(inherited)",
					"@executable_path/Frameworks",
				);
				MARKETING_VERSION = 1.0;
				PRODUCT_BUNDLE_IDENTIFIER = "Olga-Tegza.ContactList";
				PRODUCT_NAME = "$(TARGET_NAME)";
				SUPPORTED_PLATFORMS = "iphoneos iphonesimulator";
				SUPPORTS_MACCATALYST = NO;
				SUPPORTS_MAC_DESIGNED_FOR_IPHONE_IPAD = NO;
				SWIFT_EMIT_LOC_STRINGS = YES;
				SWIFT_VERSION = 5.0;
				TARGETED_DEVICE_FAMILY = 1;
			};
			name = Debug;
		};
		07D06F0C292CC09100C61286 /* Release */ = {
			isa = XCBuildConfiguration;
			buildSettings = {
				ASSETCATALOG_COMPILER_APPICON_NAME = AppIcon;
				ASSETCATALOG_COMPILER_GLOBAL_ACCENT_COLOR_NAME = AccentColor;
				CODE_SIGN_STYLE = Automatic;
				CURRENT_PROJECT_VERSION = 1;
				GENERATE_INFOPLIST_FILE = YES;
				INFOPLIST_FILE = ContactList/App/Info.plist;
				INFOPLIST_KEY_UIApplicationSupportsIndirectInputEvents = YES;
				INFOPLIST_KEY_UILaunchStoryboardName = LaunchScreen;
				INFOPLIST_KEY_UIMainStoryboardFile = Main;
				INFOPLIST_KEY_UISupportedInterfaceOrientations_iPad = "UIInterfaceOrientationPortrait UIInterfaceOrientationPortraitUpsideDown UIInterfaceOrientationLandscapeLeft UIInterfaceOrientationLandscapeRight";
				INFOPLIST_KEY_UISupportedInterfaceOrientations_iPhone = "UIInterfaceOrientationPortrait UIInterfaceOrientationLandscapeLeft UIInterfaceOrientationLandscapeRight";
				LD_RUNPATH_SEARCH_PATHS = (
					"$(inherited)",
					"@executable_path/Frameworks",
				);
				MARKETING_VERSION = 1.0;
				PRODUCT_BUNDLE_IDENTIFIER = "Olga-Tegza.ContactList";
				PRODUCT_NAME = "$(TARGET_NAME)";
				SUPPORTED_PLATFORMS = "iphoneos iphonesimulator";
				SUPPORTS_MACCATALYST = NO;
				SUPPORTS_MAC_DESIGNED_FOR_IPHONE_IPAD = NO;
				SWIFT_EMIT_LOC_STRINGS = YES;
				SWIFT_VERSION = 5.0;
				TARGETED_DEVICE_FAMILY = 1;
			};
			name = Release;
		};
/* End XCBuildConfiguration section */

/* Begin XCConfigurationList section */
		07D06EF1292CC09000C61286 /* Build configuration list for PBXProject "ContactList" */ = {
			isa = XCConfigurationList;
			buildConfigurations = (
				07D06F08292CC09100C61286 /* Debug */,
				07D06F09292CC09100C61286 /* Release */,
			);
			defaultConfigurationIsVisible = 0;
			defaultConfigurationName = Release;
		};
		07D06F0A292CC09100C61286 /* Build configuration list for PBXNativeTarget "ContactList" */ = {
			isa = XCConfigurationList;
			buildConfigurations = (
				07D06F0B292CC09100C61286 /* Debug */,
				07D06F0C292CC09100C61286 /* Release */,
			);
			defaultConfigurationIsVisible = 0;
			defaultConfigurationName = Release;
		};
/* End XCConfigurationList section */
	};
	rootObject = 07D06EEE292CC09000C61286 /* Project object */;
}
